// !$*UTF8*$!
{
	archiveVersion = 1;
	classes = {
	};
	objectVersion = 56;
	objects = {

/* Begin PBXBuildFile section */
		272CDF092B64297100117A41 /* ClimateApp.swift in Sources */ = {isa = PBXBuildFile; fileRef = 272CDF082B64297100117A41 /* ClimateApp.swift */; };
		272CDF0B2B64297100117A41 /* ContentView.swift in Sources */ = {isa = PBXBuildFile; fileRef = 272CDF0A2B64297100117A41 /* ContentView.swift */; };
		272CDF0D2B64297100117A41 /* Assets.xcassets in Resources */ = {isa = PBXBuildFile; fileRef = 272CDF0C2B64297100117A41 /* Assets.xcassets */; };
		272CDF102B64297100117A41 /* Preview Assets.xcassets in Resources */ = {isa = PBXBuildFile; fileRef = 272CDF0F2B64297100117A41 /* Preview Assets.xcassets */; };
		272CDF1A2B64297200117A41 /* ClimateTests.swift in Sources */ = {isa = PBXBuildFile; fileRef = 272CDF192B64297200117A41 /* ClimateTests.swift */; };
		272CDF242B64297200117A41 /* ClimateUITests.swift in Sources */ = {isa = PBXBuildFile; fileRef = 272CDF232B64297200117A41 /* ClimateUITests.swift */; };
		272CDF262B64297200117A41 /* ClimateUITestsLaunchTests.swift in Sources */ = {isa = PBXBuildFile; fileRef = 272CDF252B64297200117A41 /* ClimateUITestsLaunchTests.swift */; };
/* End PBXBuildFile section */

/* Begin PBXContainerItemProxy section */
		272CDF162B64297200117A41 /* PBXContainerItemProxy */ = {
			isa = PBXContainerItemProxy;
			containerPortal = 272CDEFD2B64297100117A41 /* Project object */;
			proxyType = 1;
			remoteGlobalIDString = 272CDF042B64297100117A41;
			remoteInfo = Climate;
		};
		272CDF202B64297200117A41 /* PBXContainerItemProxy */ = {
			isa = PBXContainerItemProxy;
			containerPortal = 272CDEFD2B64297100117A41 /* Project object */;
			proxyType = 1;
			remoteGlobalIDString = 272CDF042B64297100117A41;
			remoteInfo = Climate;
		};
/* End PBXContainerItemProxy section */

/* Begin PBXFileReference section */
		272CDF052B64297100117A41 /* Climate.app */ = {isa = PBXFileReference; explicitFileType = wrapper.application; includeInIndex = 0; path = Climate.app; sourceTree = BUILT_PRODUCTS_DIR; };
		272CDF082B64297100117A41 /* ClimateApp.swift */ = {isa = PBXFileReference; lastKnownFileType = sourcecode.swift; path = ClimateApp.swift; sourceTree = "<group>"; };
		272CDF0A2B64297100117A41 /* ContentView.swift */ = {isa = PBXFileReference; lastKnownFileType = sourcecode.swift; path = ContentView.swift; sourceTree = "<group>"; };
		272CDF0C2B64297100117A41 /* Assets.xcassets */ = {isa = PBXFileReference; lastKnownFileType = folder.assetcatalog; path = Assets.xcassets; sourceTree = "<group>"; };
		272CDF0F2B64297100117A41 /* Preview Assets.xcassets */ = {isa = PBXFileReference; lastKnownFileType = folder.assetcatalog; path = "Preview Assets.xcassets"; sourceTree = "<group>"; };
		272CDF152B64297200117A41 /* ClimateTests.xctest */ = {isa = PBXFileReference; explicitFileType = wrapper.cfbundle; includeInIndex = 0; path = ClimateTests.xctest; sourceTree = BUILT_PRODUCTS_DIR; };
		272CDF192B64297200117A41 /* ClimateTests.swift */ = {isa = PBXFileReference; lastKnownFileType = sourcecode.swift; path = ClimateTests.swift; sourceTree = "<group>"; };
		272CDF1F2B64297200117A41 /* ClimateUITests.xctest */ = {isa = PBXFileReference; explicitFileType = wrapper.cfbundle; includeInIndex = 0; path = ClimateUITests.xctest; sourceTree = BUILT_PRODUCTS_DIR; };
		272CDF232B64297200117A41 /* ClimateUITests.swift */ = {isa = PBXFileReference; lastKnownFileType = sourcecode.swift; path = ClimateUITests.swift; sourceTree = "<group>"; };
		272CDF252B64297200117A41 /* ClimateUITestsLaunchTests.swift */ = {isa = PBXFileReference; lastKnownFileType = sourcecode.swift; path = ClimateUITestsLaunchTests.swift; sourceTree = "<group>"; };
/* End PBXFileReference section */

/* Begin PBXFrameworksBuildPhase section */
		272CDF022B64297100117A41 /* Frameworks */ = {
			isa = PBXFrameworksBuildPhase;
			buildActionMask = 2147483647;
			files = (
			);
			runOnlyForDeploymentPostprocessing = 0;
		};
		272CDF122B64297200117A41 /* Frameworks */ = {
			isa = PBXFrameworksBuildPhase;
			buildActionMask = 2147483647;
			files = (
			);
			runOnlyForDeploymentPostprocessing = 0;
		};
		272CDF1C2B64297200117A41 /* Frameworks */ = {
			isa = PBXFrameworksBuildPhase;
			buildActionMask = 2147483647;
			files = (
			);
			runOnlyForDeploymentPostprocessing = 0;
		};
/* End PBXFrameworksBuildPhase section */

/* Begin PBXGroup section */
		272CDEFC2B64297100117A41 = {
			isa = PBXGroup;
			children = (
				272CDF072B64297100117A41 /* Climate */,
				272CDF182B64297200117A41 /* ClimateTests */,
				272CDF222B64297200117A41 /* ClimateUITests */,
				272CDF062B64297100117A41 /* Products */,
			);
			sourceTree = "<group>";
		};
		272CDF062B64297100117A41 /* Products */ = {
			isa = PBXGroup;
			children = (
				272CDF052B64297100117A41 /* Climate.app */,
				272CDF152B64297200117A41 /* ClimateTests.xctest */,
				272CDF1F2B64297200117A41 /* ClimateUITests.xctest */,
			);
			name = Products;
			sourceTree = "<group>";
		};
		272CDF072B64297100117A41 /* Climate */ = {
			isa = PBXGroup;
			children = (
				272CDF082B64297100117A41 /* ClimateApp.swift */,
				272CDF0A2B64297100117A41 /* ContentView.swift */,
				272CDF0C2B64297100117A41 /* Assets.xcassets */,
				272CDF0E2B64297100117A41 /* Preview Content */,
			);
			path = Climate;
			sourceTree = "<group>";
		};
		272CDF0E2B64297100117A41 /* Preview Content */ = {
			isa = PBXGroup;
			children = (
				272CDF0F2B64297100117A41 /* Preview Assets.xcassets */,
			);
			path = "Preview Content";
			sourceTree = "<group>";
		};
		272CDF182B64297200117A41 /* ClimateTests */ = {
			isa = PBXGroup;
			children = (
				272CDF192B64297200117A41 /* ClimateTests.swift */,
			);
			path = ClimateTests;
			sourceTree = "<group>";
		};
		272CDF222B64297200117A41 /* ClimateUITests */ = {
			isa = PBXGroup;
			children = (
				272CDF232B64297200117A41 /* ClimateUITests.swift */,
				272CDF252B64297200117A41 /* ClimateUITestsLaunchTests.swift */,
			);
			path = ClimateUITests;
			sourceTree = "<group>";
		};
/* End PBXGroup section */

/* Begin PBXNativeTarget section */
		272CDF042B64297100117A41 /* Climate */ = {
			isa = PBXNativeTarget;
			buildConfigurationList = 272CDF292B64297200117A41 /* Build configuration list for PBXNativeTarget "Climate" */;
			buildPhases = (
				272CDF012B64297100117A41 /* Sources */,
				272CDF022B64297100117A41 /* Frameworks */,
				272CDF032B64297100117A41 /* Resources */,
			);
			buildRules = (
			);
			dependencies = (
			);
			name = Climate;
			productName = Climate;
			productReference = 272CDF052B64297100117A41 /* Climate.app */;
			productType = "com.apple.product-type.application";
		};
		272CDF142B64297200117A41 /* ClimateTests */ = {
			isa = PBXNativeTarget;
			buildConfigurationList = 272CDF2C2B64297200117A41 /* Build configuration list for PBXNativeTarget "ClimateTests" */;
			buildPhases = (
				272CDF112B64297200117A41 /* Sources */,
				272CDF122B64297200117A41 /* Frameworks */,
				272CDF132B64297200117A41 /* Resources */,
			);
			buildRules = (
			);
			dependencies = (
				272CDF172B64297200117A41 /* PBXTargetDependency */,
			);
			name = ClimateTests;
			productName = ClimateTests;
			productReference = 272CDF152B64297200117A41 /* ClimateTests.xctest */;
			productType = "com.apple.product-type.bundle.unit-test";
		};
		272CDF1E2B64297200117A41 /* ClimateUITests */ = {
			isa = PBXNativeTarget;
			buildConfigurationList = 272CDF2F2B64297200117A41 /* Build configuration list for PBXNativeTarget "ClimateUITests" */;
			buildPhases = (
				272CDF1B2B64297200117A41 /* Sources */,
				272CDF1C2B64297200117A41 /* Frameworks */,
				272CDF1D2B64297200117A41 /* Resources */,
			);
			buildRules = (
			);
			dependencies = (
				272CDF212B64297200117A41 /* PBXTargetDependency */,
			);
			name = ClimateUITests;
			productName = ClimateUITests;
			productReference = 272CDF1F2B64297200117A41 /* ClimateUITests.xctest */;
			productType = "com.apple.product-type.bundle.ui-testing";
		};
/* End PBXNativeTarget section */

/* Begin PBXProject section */
		272CDEFD2B64297100117A41 /* Project object */ = {
			isa = PBXProject;
			attributes = {
				BuildIndependentTargetsInParallel = 1;
				LastSwiftUpdateCheck = 1500;
				LastUpgradeCheck = 1500;
				TargetAttributes = {
					272CDF042B64297100117A41 = {
						CreatedOnToolsVersion = 15.0;
					};
					272CDF142B64297200117A41 = {
						CreatedOnToolsVersion = 15.0;
						TestTargetID = 272CDF042B64297100117A41;
					};
					272CDF1E2B64297200117A41 = {
						CreatedOnToolsVersion = 15.0;
						TestTargetID = 272CDF042B64297100117A41;
					};
				};
			};
			buildConfigurationList = 272CDF002B64297100117A41 /* Build configuration list for PBXProject "Climate" */;
			compatibilityVersion = "Xcode 14.0";
			developmentRegion = en;
			hasScannedForEncodings = 0;
			knownRegions = (
				en,
				Base,
			);
			mainGroup = 272CDEFC2B64297100117A41;
			productRefGroup = 272CDF062B64297100117A41 /* Products */;
			projectDirPath = "";
			projectRoot = "";
			targets = (
				272CDF042B64297100117A41 /* Climate */,
				272CDF142B64297200117A41 /* ClimateTests */,
				272CDF1E2B64297200117A41 /* ClimateUITests */,
			);
		};
/* End PBXProject section */

/* Begin PBXResourcesBuildPhase section */
		272CDF032B64297100117A41 /* Resources */ = {
			isa = PBXResourcesBuildPhase;
			buildActionMask = 2147483647;
			files = (
				272CDF102B64297100117A41 /* Preview Assets.xcassets in Resources */,
				272CDF0D2B64297100117A41 /* Assets.xcassets in Resources */,
			);
			runOnlyForDeploymentPostprocessing = 0;
		};
		272CDF132B64297200117A41 /* Resources */ = {
			isa = PBXResourcesBuildPhase;
			buildActionMask = 2147483647;
			files = (
			);
			runOnlyForDeploymentPostprocessing = 0;
		};
		272CDF1D2B64297200117A41 /* Resources */ = {
			isa = PBXResourcesBuildPhase;
			buildActionMask = 2147483647;
			files = (
			);
			runOnlyForDeploymentPostprocessing = 0;
		};
/* End PBXResourcesBuildPhase section */

/* Begin PBXSourcesBuildPhase section */
		272CDF012B64297100117A41 /* Sources */ = {
			isa = PBXSourcesBuildPhase;
			buildActionMask = 2147483647;
			files = (
				272CDF0B2B64297100117A41 /* ContentView.swift in Sources */,
				272CDF092B64297100117A41 /* ClimateApp.swift in Sources */,
			);
			runOnlyForDeploymentPostprocessing = 0;
		};
		272CDF112B64297200117A41 /* Sources */ = {
			isa = PBXSourcesBuildPhase;
			buildActionMask = 2147483647;
			files = (
				272CDF1A2B64297200117A41 /* ClimateTests.swift in Sources */,
			);
			runOnlyForDeploymentPostprocessing = 0;
		};
		272CDF1B2B64297200117A41 /* Sources */ = {
			isa = PBXSourcesBuildPhase;
			buildActionMask = 2147483647;
			files = (
				272CDF262B64297200117A41 /* ClimateUITestsLaunchTests.swift in Sources */,
				272CDF242B64297200117A41 /* ClimateUITests.swift in Sources */,
			);
			runOnlyForDeploymentPostprocessing = 0;
		};
/* End PBXSourcesBuildPhase section */

/* Begin PBXTargetDependency section */
		272CDF172B64297200117A41 /* PBXTargetDependency */ = {
			isa = PBXTargetDependency;
			target = 272CDF042B64297100117A41 /* Climate */;
			targetProxy = 272CDF162B64297200117A41 /* PBXContainerItemProxy */;
		};
		272CDF212B64297200117A41 /* PBXTargetDependency */ = {
			isa = PBXTargetDependency;
			target = 272CDF042B64297100117A41 /* Climate */;
			targetProxy = 272CDF202B64297200117A41 /* PBXContainerItemProxy */;
		};
/* End PBXTargetDependency section */

/* Begin XCBuildConfiguration section */
		272CDF272B64297200117A41 /* Debug */ = {
			isa = XCBuildConfiguration;
			buildSettings = {
				ALWAYS_SEARCH_USER_PATHS = NO;
				ASSETCATALOG_COMPILER_GENERATE_SWIFT_ASSET_SYMBOL_EXTENSIONS = YES;
				CLANG_ANALYZER_NONNULL = YES;
				CLANG_ANALYZER_NUMBER_OBJECT_CONVERSION = YES_AGGRESSIVE;
				CLANG_CXX_LANGUAGE_STANDARD = "gnu++20";
				CLANG_ENABLE_MODULES = YES;
				CLANG_ENABLE_OBJC_ARC = YES;
				CLANG_ENABLE_OBJC_WEAK = YES;
				CLANG_WARN_BLOCK_CAPTURE_AUTORELEASING = YES;
				CLANG_WARN_BOOL_CONVERSION = YES;
				CLANG_WARN_COMMA = YES;
				CLANG_WARN_CONSTANT_CONVERSION = YES;
				CLANG_WARN_DEPRECATED_OBJC_IMPLEMENTATIONS = YES;
				CLANG_WARN_DIRECT_OBJC_ISA_USAGE = YES_ERROR;
				CLANG_WARN_DOCUMENTATION_COMMENTS = YES;
				CLANG_WARN_EMPTY_BODY = YES;
				CLANG_WARN_ENUM_CONVERSION = YES;
				CLANG_WARN_INFINITE_RECURSION = YES;
				CLANG_WARN_INT_CONVERSION = YES;
				CLANG_WARN_NON_LITERAL_NULL_CONVERSION = YES;
				CLANG_WARN_OBJC_IMPLICIT_RETAIN_SELF = YES;
				CLANG_WARN_OBJC_LITERAL_CONVERSION = YES;
				CLANG_WARN_OBJC_ROOT_CLASS = YES_ERROR;
				CLANG_WARN_QUOTED_INCLUDE_IN_FRAMEWORK_HEADER = YES;
				CLANG_WARN_RANGE_LOOP_ANALYSIS = YES;
				CLANG_WARN_STRICT_PROTOTYPES = YES;
				CLANG_WARN_SUSPICIOUS_MOVE = YES;
				CLANG_WARN_UNGUARDED_AVAILABILITY = YES_AGGRESSIVE;
				CLANG_WARN_UNREACHABLE_CODE = YES;
				CLANG_WARN__DUPLICATE_METHOD_MATCH = YES;
				COPY_PHASE_STRIP = NO;
				DEBUG_INFORMATION_FORMAT = dwarf;
				ENABLE_STRICT_OBJC_MSGSEND = YES;
				ENABLE_TESTABILITY = YES;
				ENABLE_USER_SCRIPT_SANDBOXING = YES;
				GCC_C_LANGUAGE_STANDARD = gnu17;
				GCC_DYNAMIC_NO_PIC = NO;
				GCC_NO_COMMON_BLOCKS = YES;
				GCC_OPTIMIZATION_LEVEL = 0;
				GCC_PREPROCESSOR_DEFINITIONS = (
					"DEBUG=1",
					"$(inherited)",
				);
				GCC_WARN_64_TO_32_BIT_CONVERSION = YES;
				GCC_WARN_ABOUT_RETURN_TYPE = YES_ERROR;
				GCC_WARN_UNDECLARED_SELECTOR = YES;
				GCC_WARN_UNINITIALIZED_AUTOS = YES_AGGRESSIVE;
				GCC_WARN_UNUSED_FUNCTION = YES;
				GCC_WARN_UNUSED_VARIABLE = YES;
				IPHONEOS_DEPLOYMENT_TARGET = 17.0;
				LOCALIZATION_PREFERS_STRING_CATALOGS = YES;
				MTL_ENABLE_DEBUG_INFO = INCLUDE_SOURCE;
				MTL_FAST_MATH = YES;
				ONLY_ACTIVE_ARCH = YES;
				SDKROOT = iphoneos;
				SWIFT_ACTIVE_COMPILATION_CONDITIONS = "DEBUG $(inherited)";
				SWIFT_OPTIMIZATION_LEVEL = "-Onone";
			};
			name = Debug;
		};
		272CDF282B64297200117A41 /* Release */ = {
			isa = XCBuildConfiguration;
			buildSettings = {
				ALWAYS_SEARCH_USER_PATHS = NO;
				ASSETCATALOG_COMPILER_GENERATE_SWIFT_ASSET_SYMBOL_EXTENSIONS = YES;
				CLANG_ANALYZER_NONNULL = YES;
				CLANG_ANALYZER_NUMBER_OBJECT_CONVERSION = YES_AGGRESSIVE;
				CLANG_CXX_LANGUAGE_STANDARD = "gnu++20";
				CLANG_ENABLE_MODULES = YES;
				CLANG_ENABLE_OBJC_ARC = YES;
				CLANG_ENABLE_OBJC_WEAK = YES;
				CLANG_WARN_BLOCK_CAPTURE_AUTORELEASING = YES;
				CLANG_WARN_BOOL_CONVERSION = YES;
				CLANG_WARN_COMMA = YES;
				CLANG_WARN_CONSTANT_CONVERSION = YES;
				CLANG_WARN_DEPRECATED_OBJC_IMPLEMENTATIONS = YES;
				CLANG_WARN_DIRECT_OBJC_ISA_USAGE = YES_ERROR;
				CLANG_WARN_DOCUMENTATION_COMMENTS = YES;
				CLANG_WARN_EMPTY_BODY = YES;
				CLANG_WARN_ENUM_CONVERSION = YES;
				CLANG_WARN_INFINITE_RECURSION = YES;
				CLANG_WARN_INT_CONVERSION = YES;
				CLANG_WARN_NON_LITERAL_NULL_CONVERSION = YES;
				CLANG_WARN_OBJC_IMPLICIT_RETAIN_SELF = YES;
				CLANG_WARN_OBJC_LITERAL_CONVERSION = YES;
				CLANG_WARN_OBJC_ROOT_CLASS = YES_ERROR;
				CLANG_WARN_QUOTED_INCLUDE_IN_FRAMEWORK_HEADER = YES;
				CLANG_WARN_RANGE_LOOP_ANALYSIS = YES;
				CLANG_WARN_STRICT_PROTOTYPES = YES;
				CLANG_WARN_SUSPICIOUS_MOVE = YES;
				CLANG_WARN_UNGUARDED_AVAILABILITY = YES_AGGRESSIVE;
				CLANG_WARN_UNREACHABLE_CODE = YES;
				CLANG_WARN__DUPLICATE_METHOD_MATCH = YES;
				COPY_PHASE_STRIP = NO;
				DEBUG_INFORMATION_FORMAT = "dwarf-with-dsym";
				ENABLE_NS_ASSERTIONS = NO;
				ENABLE_STRICT_OBJC_MSGSEND = YES;
				ENABLE_USER_SCRIPT_SANDBOXING = YES;
				GCC_C_LANGUAGE_STANDARD = gnu17;
				GCC_NO_COMMON_BLOCKS = YES;
				GCC_WARN_64_TO_32_BIT_CONVERSION = YES;
				GCC_WARN_ABOUT_RETURN_TYPE = YES_ERROR;
				GCC_WARN_UNDECLARED_SELECTOR = YES;
				GCC_WARN_UNINITIALIZED_AUTOS = YES_AGGRESSIVE;
				GCC_WARN_UNUSED_FUNCTION = YES;
				GCC_WARN_UNUSED_VARIABLE = YES;
				IPHONEOS_DEPLOYMENT_TARGET = 17.0;
				LOCALIZATION_PREFERS_STRING_CATALOGS = YES;
				MTL_ENABLE_DEBUG_INFO = NO;
				MTL_FAST_MATH = YES;
				SDKROOT = iphoneos;
				SWIFT_COMPILATION_MODE = wholemodule;
				VALIDATE_PRODUCT = YES;
			};
			name = Release;
		};
		272CDF2A2B64297200117A41 /* Debug */ = {
			isa = XCBuildConfiguration;
			buildSettings = {
				ASSETCATALOG_COMPILER_APPICON_NAME = AppIcon;
				ASSETCATALOG_COMPILER_GLOBAL_ACCENT_COLOR_NAME = AccentColor;
				CODE_SIGN_STYLE = Automatic;
				CURRENT_PROJECT_VERSION = 1;
				DEVELOPMENT_ASSET_PATHS = "\"Climate/Preview Content\"";
				DEVELOPMENT_TEAM = 943LG9F2WL;
				ENABLE_PREVIEWS = YES;
				GENERATE_INFOPLIST_FILE = YES;
				INFOPLIST_KEY_UIApplicationSceneManifest_Generation = YES;
				INFOPLIST_KEY_UIApplicationSupportsIndirectInputEvents = YES;
				INFOPLIST_KEY_UILaunchScreen_Generation = YES;
				INFOPLIST_KEY_UISupportedInterfaceOrientations_iPad = "UIInterfaceOrientationPortrait UIInterfaceOrientationPortraitUpsideDown UIInterfaceOrientationLandscapeLeft UIInterfaceOrientationLandscapeRight";
				INFOPLIST_KEY_UISupportedInterfaceOrientations_iPhone = "UIInterfaceOrientationPortrait UIInterfaceOrientationLandscapeLeft UIInterfaceOrientationLandscapeRight";
				LD_RUNPATH_SEARCH_PATHS = (
					"$(inherited)",
					"@executable_path/Frameworks",
				);
				MARKETING_VERSION = 1.0;
				PRODUCT_BUNDLE_IDENTIFIER = dev.kaustav.Climate;
				PRODUCT_NAME = "$(TARGET_NAME)";
				SWIFT_EMIT_LOC_STRINGS = YES;
				SWIFT_VERSION = 5.0;
				TARGETED_DEVICE_FAMILY = "1,2";
			};
			name = Debug;
		};
		272CDF2B2B64297200117A41 /* Release */ = {
			isa = XCBuildConfiguration;
			buildSettings = {
				ASSETCATALOG_COMPILER_APPICON_NAME = AppIcon;
				ASSETCATALOG_COMPILER_GLOBAL_ACCENT_COLOR_NAME = AccentColor;
				CODE_SIGN_STYLE = Automatic;
				CURRENT_PROJECT_VERSION = 1;
				DEVELOPMENT_ASSET_PATHS = "\"Climate/Preview Content\"";
				DEVELOPMENT_TEAM = 943LG9F2WL;
				ENABLE_PREVIEWS = YES;
				GENERATE_INFOPLIST_FILE = YES;
				INFOPLIST_KEY_UIApplicationSceneManifest_Generation = YES;
				INFOPLIST_KEY_UIApplicationSupportsIndirectInputEvents = YES;
				INFOPLIST_KEY_UILaunchScreen_Generation = YES;
				INFOPLIST_KEY_UISupportedInterfaceOrientations_iPad = "UIInterfaceOrientationPortrait UIInterfaceOrientationPortraitUpsideDown UIInterfaceOrientationLandscapeLeft UIInterfaceOrientationLandscapeRight";
				INFOPLIST_KEY_UISupportedInterfaceOrientations_iPhone = "UIInterfaceOrientationPortrait UIInterfaceOrientationLandscapeLeft UIInterfaceOrientationLandscapeRight";
				LD_RUNPATH_SEARCH_PATHS = (
					"$(inherited)",
					"@executable_path/Frameworks",
				);
				MARKETING_VERSION = 1.0;
				PRODUCT_BUNDLE_IDENTIFIER = dev.kaustav.Climate;
				PRODUCT_NAME = "$(TARGET_NAME)";
				SWIFT_EMIT_LOC_STRINGS = YES;
				SWIFT_VERSION = 5.0;
				TARGETED_DEVICE_FAMILY = "1,2";
			};
			name = Release;
		};
		272CDF2D2B64297200117A41 /* Debug */ = {
			isa = XCBuildConfiguration;
			buildSettings = {
				ALWAYS_EMBED_SWIFT_STANDARD_LIBRARIES = YES;
				BUNDLE_LOADER = "$(TEST_HOST)";
				CODE_SIGN_STYLE = Automatic;
				CURRENT_PROJECT_VERSION = 1;
				DEVELOPMENT_TEAM = 943LG9F2WL;
				GENERATE_INFOPLIST_FILE = YES;
				IPHONEOS_DEPLOYMENT_TARGET = 17.0;
				MARKETING_VERSION = 1.0;
				PRODUCT_BUNDLE_IDENTIFIER = dev.kaustav.ClimateTests;
				PRODUCT_NAME = "$(TARGET_NAME)";
				SWIFT_EMIT_LOC_STRINGS = NO;
				SWIFT_VERSION = 5.0;
				TARGETED_DEVICE_FAMILY = "1,2";
				TEST_HOST = "$(BUILT_PRODUCTS_DIR)/Climate.app/$(BUNDLE_EXECUTABLE_FOLDER_PATH)/Climate";
			};
			name = Debug;
		};
		272CDF2E2B64297200117A41 /* Release */ = {
			isa = XCBuildConfiguration;
			buildSettings = {
				ALWAYS_EMBED_SWIFT_STANDARD_LIBRARIES = YES;
				BUNDLE_LOADER = "$(TEST_HOST)";
				CODE_SIGN_STYLE = Automatic;
				CURRENT_PROJECT_VERSION = 1;
				DEVELOPMENT_TEAM = 943LG9F2WL;
				GENERATE_INFOPLIST_FILE = YES;
				IPHONEOS_DEPLOYMENT_TARGET = 17.0;
				MARKETING_VERSION = 1.0;
				PRODUCT_BUNDLE_IDENTIFIER = dev.kaustav.ClimateTests;
				PRODUCT_NAME = "$(TARGET_NAME)";
				SWIFT_EMIT_LOC_STRINGS = NO;
				SWIFT_VERSION = 5.0;
				TARGETED_DEVICE_FAMILY = "1,2";
				TEST_HOST = "$(BUILT_PRODUCTS_DIR)/Climate.app/$(BUNDLE_EXECUTABLE_FOLDER_PATH)/Climate";
			};
			name = Release;
		};
		272CDF302B64297200117A41 /* Debug */ = {
			isa = XCBuildConfiguration;
			buildSettings = {
				ALWAYS_EMBED_SWIFT_STANDARD_LIBRARIES = YES;
				CODE_SIGN_STYLE = Automatic;
				CURRENT_PROJECT_VERSION = 1;
				DEVELOPMENT_TEAM = 943LG9F2WL;
				GENERATE_INFOPLIST_FILE = YES;
				MARKETING_VERSION = 1.0;
				PRODUCT_BUNDLE_IDENTIFIER = dev.kaustav.ClimateUITests;
				PRODUCT_NAME = "$(TARGET_NAME)";
				SWIFT_EMIT_LOC_STRINGS = NO;
				SWIFT_VERSION = 5.0;
				TARGETED_DEVICE_FAMILY = "1,2";
				TEST_TARGET_NAME = Climate;
			};
			name = Debug;
		};
		272CDF312B64297200117A41 /* Release */ = {
			isa = XCBuildConfiguration;
			buildSettings = {
				ALWAYS_EMBED_SWIFT_STANDARD_LIBRARIES = YES;
				CODE_SIGN_STYLE = Automatic;
				CURRENT_PROJECT_VERSION = 1;
				DEVELOPMENT_TEAM = 943LG9F2WL;
				GENERATE_INFOPLIST_FILE = YES;
				MARKETING_VERSION = 1.0;
				PRODUCT_BUNDLE_IDENTIFIER = dev.kaustav.ClimateUITests;
				PRODUCT_NAME = "$(TARGET_NAME)";
				SWIFT_EMIT_LOC_STRINGS = NO;
				SWIFT_VERSION = 5.0;
				TARGETED_DEVICE_FAMILY = "1,2";
				TEST_TARGET_NAME = Climate;
			};
			name = Release;
		};
/* End XCBuildConfiguration section */

/* Begin XCConfigurationList section */
		272CDF002B64297100117A41 /* Build configuration list for PBXProject "Climate" */ = {
			isa = XCConfigurationList;
			buildConfigurations = (
				272CDF272B64297200117A41 /* Debug */,
				272CDF282B64297200117A41 /* Release */,
			);
			defaultConfigurationIsVisible = 0;
			defaultConfigurationName = Release;
		};
		272CDF292B64297200117A41 /* Build configuration list for PBXNativeTarget "Climate" */ = {
			isa = XCConfigurationList;
			buildConfigurations = (
				272CDF2A2B64297200117A41 /* Debug */,
				272CDF2B2B64297200117A41 /* Release */,
			);
			defaultConfigurationIsVisible = 0;
			defaultConfigurationName = Release;
		};
		272CDF2C2B64297200117A41 /* Build configuration list for PBXNativeTarget "ClimateTests" */ = {
			isa = XCConfigurationList;
			buildConfigurations = (
				272CDF2D2B64297200117A41 /* Debug */,
				272CDF2E2B64297200117A41 /* Release */,
			);
			defaultConfigurationIsVisible = 0;
			defaultConfigurationName = Release;
		};
		272CDF2F2B64297200117A41 /* Build configuration list for PBXNativeTarget "ClimateUITests" */ = {
			isa = XCConfigurationList;
			buildConfigurations = (
				272CDF302B64297200117A41 /* Debug */,
				272CDF312B64297200117A41 /* Release */,
			);
			defaultConfigurationIsVisible = 0;
			defaultConfigurationName = Release;
		};
/* End XCConfigurationList section */
	};
	rootObject = 272CDEFD2B64297100117A41 /* Project object */;
}
